
Microsoft Visual Studio Solution File, Format Version 12.00
# Visual Studio 15
VisualStudioVersion = 15.0.27703.2026
MinimumVisualStudioVersion = 10.0.40219.1
Project("{9092AA53-FB77-4645-B42D-1CCCA6BD08BD}") = "hexchat", "hexchat.njsproj", "{83FEF36F-7756-47CB-BAB2-2ADD5967EBBC}"
EndProject
Global
	GlobalSection(SolutionConfigurationPlatforms) = preSolution
		Debug|Any CPU = Debug|Any CPU
		Release|Any CPU = Release|Any CPU
	EndGlobalSection
	GlobalSection(ProjectConfigurationPlatforms) = postSolution
		{83FEF36F-7756-47CB-BAB2-2ADD5967EBBC}.Debug|Any CPU.ActiveCfg = Debug|Any CPU
		{83FEF36F-7756-47CB-BAB2-2ADD5967EBBC}.Debug|Any CPU.Build.0 = Debug|Any CPU
		{83FEF36F-7756-47CB-BAB2-2ADD5967EBBC}.Release|Any CPU.ActiveCfg = Release|Any CPU
		{83FEF36F-7756-47CB-BAB2-2ADD5967EBBC}.Release|Any CPU.Build.0 = Release|Any CPU
	EndGlobalSection
	GlobalSection(SolutionProperties) = preSolution
		HideSolutionNode = FALSE
	EndGlobalSection
	GlobalSection(ExtensibilityGlobals) = postSolution
		SolutionGuid = {A16D9B7C-8A1A-4DFD-9162-3DB8259266A3}
	EndGlobalSection
EndGlobal
